/* Begin XCBuildConfiguration section */
		97C147031CF9000F007C117D /* Debug */ = {
			isa = XCBuildConfiguration;
			baseConfigurationReference = 9740EEB21CF90195004384FC /* Debug.xcconfig */;
			buildSettings = {
				ASSETCATALOG_COMPILER_APPICON_NAME = AppIcon;
				CLANG_ENABLE_MODULES = YES;
				
				// 1. LINK ENTITLEMENTS (Crucial for Deep Links/Background)
				CODE_SIGN_ENTITLEMENTS = Runner/Runner.entitlements;
				
				// 2. DISABLE BITCODE (Required for most Flutter plugins)
				ENABLE_BITCODE = NO;
				
				CURRENT_PROJECT_VERSION = "$(FLUTTER_BUILD_NUMBER)";
				INFOPLIST_FILE = Runner/Info.plist;
				
				// 3. MINIMUM IOS VERSION (Matches your Info.plist)
				IPHONEOS_DEPLOYMENT_TARGET = 13.0;
				
				LD_RUNPATH_SEARCH_PATHS = (
					"$(inherited)",
					"@executable_path/Frameworks",
				);
				PRODUCT_BUNDLE_IDENTIFIER = com.example.ghostSignal;
				PRODUCT_NAME = "$(TARGET_NAME)";
				
				// 4. SWIFT OPTIMIZATION (Faster Debug Builds)
				SWIFT_OPTIMIZATION_LEVEL = "-Onone";
				SWIFT_VERSION = 5.0;
				VERSIONING_SYSTEM = "apple-generic";
			};
			name = Debug;
		};
		97C147041CF9000F007C117D /* Release */ = {
			isa = XCBuildConfiguration;
			baseConfigurationReference = 7AFA3C8E1D35360C0083082E /* Release.xcconfig */;
			buildSettings = {
				ASSETCATALOG_COMPILER_APPICON_NAME = AppIcon;
				CLANG_ENABLE_MODULES = YES;
				
				// 1. LINK ENTITLEMENTS
				CODE_SIGN_ENTITLEMENTS = Runner/Runner.entitlements;
				
				// 2. DISABLE BITCODE
				ENABLE_BITCODE = NO;
				
				CURRENT_PROJECT_VERSION = "$(FLUTTER_BUILD_NUMBER)";
				INFOPLIST_FILE = Runner/Info.plist;
				
				// 3. MINIMUM IOS VERSION
				IPHONEOS_DEPLOYMENT_TARGET = 13.0;
				
				LD_RUNPATH_SEARCH_PATHS = (
					"$(inherited)",
					"@executable_path/Frameworks",
				);
				PRODUCT_BUNDLE_IDENTIFIER = com.example.ghostSignal;
				PRODUCT_NAME = "$(TARGET_NAME)";
				
				// 4. SWIFT OPTIMIZATION (Fastest App Performance)
				SWIFT_OPTIMIZATION_LEVEL = "-Owholemodule";
				SWIFT_VERSION = 5.0;
				VERSIONING_SYSTEM = "apple-generic";
			};
			name = Release;
		};
		97C147051CF9000F007C117D /* Profile */ = {
			isa = XCBuildConfiguration;
			baseConfigurationReference = 7AFA3C8E1D35360C0083082E /* Release.xcconfig */;
			buildSettings = {
				ASSETCATALOG_COMPILER_APPICON_NAME = AppIcon;
				CLANG_ENABLE_MODULES = YES;
				CODE_SIGN_ENTITLEMENTS = Runner/Runner.entitlements;
				ENABLE_BITCODE = NO;
				CURRENT_PROJECT_VERSION = "$(FLUTTER_BUILD_NUMBER)";
				INFOPLIST_FILE = Runner/Info.plist;
				IPHONEOS_DEPLOYMENT_TARGET = 13.0;
				LD_RUNPATH_SEARCH_PATHS = (
					"$(inherited)",
					"@executable_path/Frameworks",
				);
				PRODUCT_BUNDLE_IDENTIFIER = com.example.ghostSignal;
				PRODUCT_NAME = "$(TARGET_NAME)";
				SWIFT_VERSION = 5.0;
				VERSIONING_SYSTEM = "apple-generic";
			};
			name = Profile;
		};
/* End XCBuildConfiguration section */
